
Microsoft Visual Studio Solution File, Format Version 12.00
# Visual Studio Version 16
VisualStudioVersion = 16.0.29911.84
MinimumVisualStudioVersion = 10.0.40219.1
Project("{FAE04EC0-301F-11D3-BF4B-00C04F79EFBC}") = "RESTAPI", "RESTAPI\RESTAPI.csproj", "{ADA5E6DF-85B3-4202-A331-31157BC188DA}"
EndProject
Global
	GlobalSection(SolutionConfigurationPlatforms) = preSolution
		Debug|Any CPU = Debug|Any CPU
		Release|Any CPU = Release|Any CPU
	EndGlobalSection
	GlobalSection(ProjectConfigurationPlatforms) = postSolution
		{ADA5E6DF-85B3-4202-A331-31157BC188DA}.Debug|Any CPU.ActiveCfg = Debug|Any CPU
		{ADA5E6DF-85B3-4202-A331-31157BC188DA}.Debug|Any CPU.Build.0 = Debug|Any CPU
		{ADA5E6DF-85B3-4202-A331-31157BC188DA}.Release|Any CPU.ActiveCfg = Release|Any CPU
		{ADA5E6DF-85B3-4202-A331-31157BC188DA}.Release|Any CPU.Build.0 = Release|Any CPU
	EndGlobalSection
	GlobalSection(SolutionProperties) = preSolution
		HideSolutionNode = FALSE
	EndGlobalSection
	GlobalSection(ExtensibilityGlobals) = postSolution
		SolutionGuid = {7F78675F-D765-450A-B546-3F2415833FA0}
	EndGlobalSection
EndGlobal
